
Microsoft Visual Studio Solution File, Format Version 12.00
# Visual Studio 15
VisualStudioVersion = 15.0.26730.10
MinimumVisualStudioVersion = 10.0.40219.1
Project("{FAE04EC0-301F-11D3-BF4B-00C04F79EFBC}") = "XamarinWebAPI", "XamarinWebAPI\XamarinWebAPI.csproj", "{FDA79A84-0718-4533-81C7-253C9E3A2ABB}"
EndProject
Global
	GlobalSection(SolutionConfigurationPlatforms) = preSolution
		Debug|Any CPU = Debug|Any CPU
		Release|Any CPU = Release|Any CPU
	EndGlobalSection
	GlobalSection(ProjectConfigurationPlatforms) = postSolution
		{FDA79A84-0718-4533-81C7-253C9E3A2ABB}.Debug|Any CPU.ActiveCfg = Debug|Any CPU
		{FDA79A84-0718-4533-81C7-253C9E3A2ABB}.Debug|Any CPU.Build.0 = Debug|Any CPU
		{FDA79A84-0718-4533-81C7-253C9E3A2ABB}.Release|Any CPU.ActiveCfg = Release|Any CPU
		{FDA79A84-0718-4533-81C7-253C9E3A2ABB}.Release|Any CPU.Build.0 = Release|Any CPU
	EndGlobalSection
	GlobalSection(SolutionProperties) = preSolution
		HideSolutionNode = FALSE
	EndGlobalSection
	GlobalSection(ExtensibilityGlobals) = postSolution
		SolutionGuid = {E5962FB1-962C-4F22-9A20-B4C42A5C98FA}
	EndGlobalSection
EndGlobal
